
Microsoft Visual Studio Solution File, Format Version 12.00
# Visual Studio Version 16
VisualStudioVersion = 16.0.30907.101
MinimumVisualStudioVersion = 10.0.40219.1
Project("{9A19103F-16F7-4668-BE54-9A1E7A4F7556}") = "FluentResult", "FluentResult\FluentResult.csproj", "{2D71C0CC-3A1D-4ECF-821F-C6059A347D48}"
EndProject
Project("{9A19103F-16F7-4668-BE54-9A1E7A4F7556}") = "FlientResult.Tests", "FlientResult.Tests\FlientResult.Tests.csproj", "{0494015D-DA39-4456-8C9A-3078C0D71C6A}"
EndProject
Global
	GlobalSection(SolutionConfigurationPlatforms) = preSolution
		Debug|Any CPU = Debug|Any CPU
		Release|Any CPU = Release|Any CPU
	EndGlobalSection
	GlobalSection(ProjectConfigurationPlatforms) = postSolution
		{2D71C0CC-3A1D-4ECF-821F-C6059A347D48}.Debug|Any CPU.ActiveCfg = Debug|Any CPU
		{2D71C0CC-3A1D-4ECF-821F-C6059A347D48}.Debug|Any CPU.Build.0 = Debug|Any CPU
		{2D71C0CC-3A1D-4ECF-821F-C6059A347D48}.Release|Any CPU.ActiveCfg = Release|Any CPU
		{2D71C0CC-3A1D-4ECF-821F-C6059A347D48}.Release|Any CPU.Build.0 = Release|Any CPU
		{0494015D-DA39-4456-8C9A-3078C0D71C6A}.Debug|Any CPU.ActiveCfg = Debug|Any CPU
		{0494015D-DA39-4456-8C9A-3078C0D71C6A}.Debug|Any CPU.Build.0 = Debug|Any CPU
		{0494015D-DA39-4456-8C9A-3078C0D71C6A}.Release|Any CPU.ActiveCfg = Release|Any CPU
		{0494015D-DA39-4456-8C9A-3078C0D71C6A}.Release|Any CPU.Build.0 = Release|Any CPU
	EndGlobalSection
	GlobalSection(SolutionProperties) = preSolution
		HideSolutionNode = FALSE
	EndGlobalSection
	GlobalSection(ExtensibilityGlobals) = postSolution
		SolutionGuid = {D428E0BB-3A05-423F-AD1B-15006540BAC2}
	EndGlobalSection
EndGlobal
